
Microsoft Visual Studio Solution File, Format Version 12.00
# Visual Studio 15
VisualStudioVersion = 15.0.26124.0
MinimumVisualStudioVersion = 15.0.26124.0
Project("{FAE04EC0-301F-11D3-BF4B-00C04F79EFBC}") = "frontend", "src\frontend\frontend.csproj", "{C6D2EF21-88F1-4204-A016-0929BDCD0F33}"
EndProject
Project("{FAE04EC0-301F-11D3-BF4B-00C04F79EFBC}") = "worker", "src\worker\worker.csproj", "{309CD5C8-BF5B-42A5-9AD0-56055490BF4F}"
EndProject
Project("{2150E333-8FDC-42A3-9474-1A3956D46DE8}") = "docker-compose", "docker-compose", "{E882312E-B09B-49BF-ACD6-4C51CF9C99CC}"
ProjectSection(SolutionItems) = preProject
	docker-compose.yml = docker-compose.yml
EndProjectSection
EndProject
Project("{2150E333-8FDC-42A3-9474-1A3956D46DE8}") = "Business", "Business", "{224CCD08-FBF8-4C0A-A14F-120CCD6C0525}"
EndProject
Project("{FAE04EC0-301F-11D3-BF4B-00C04F79EFBC}") = "core", "src\core\core.csproj", "{D8C257E1-71DA-41BD-967F-B9D35A851FC2}"
EndProject
Project("{FAE04EC0-301F-11D3-BF4B-00C04F79EFBC}") = "common", "src\common\common.csproj", "{1F699DFA-81DC-4DFD-B123-ACBF91D1F26D}"
EndProject
Project("{FAE04EC0-301F-11D3-BF4B-00C04F79EFBC}") = "services", "src\services\services.csproj", "{C4A2A801-205C-4D39-A1F5-74F847E0FE92}"
EndProject
Global
	GlobalSection(SolutionConfigurationPlatforms) = preSolution
		Debug|Any CPU = Debug|Any CPU
		Debug|x64 = Debug|x64
		Debug|x86 = Debug|x86
		Release|Any CPU = Release|Any CPU
		Release|x64 = Release|x64
		Release|x86 = Release|x86
	EndGlobalSection
	GlobalSection(SolutionProperties) = preSolution
		HideSolutionNode = FALSE
	EndGlobalSection
	GlobalSection(ProjectConfigurationPlatforms) = postSolution
		{C6D2EF21-88F1-4204-A016-0929BDCD0F33}.Debug|Any CPU.ActiveCfg = Debug|Any CPU
		{C6D2EF21-88F1-4204-A016-0929BDCD0F33}.Debug|Any CPU.Build.0 = Debug|Any CPU
		{C6D2EF21-88F1-4204-A016-0929BDCD0F33}.Debug|x64.ActiveCfg = Debug|x64
		{C6D2EF21-88F1-4204-A016-0929BDCD0F33}.Debug|x64.Build.0 = Debug|x64
		{C6D2EF21-88F1-4204-A016-0929BDCD0F33}.Debug|x86.ActiveCfg = Debug|x86
		{C6D2EF21-88F1-4204-A016-0929BDCD0F33}.Debug|x86.Build.0 = Debug|x86
		{C6D2EF21-88F1-4204-A016-0929BDCD0F33}.Release|Any CPU.ActiveCfg = Release|Any CPU
		{C6D2EF21-88F1-4204-A016-0929BDCD0F33}.Release|Any CPU.Build.0 = Release|Any CPU
		{C6D2EF21-88F1-4204-A016-0929BDCD0F33}.Release|x64.ActiveCfg = Release|x64
		{C6D2EF21-88F1-4204-A016-0929BDCD0F33}.Release|x64.Build.0 = Release|x64
		{C6D2EF21-88F1-4204-A016-0929BDCD0F33}.Release|x86.ActiveCfg = Release|x86
		{C6D2EF21-88F1-4204-A016-0929BDCD0F33}.Release|x86.Build.0 = Release|x86
		{309CD5C8-BF5B-42A5-9AD0-56055490BF4F}.Debug|Any CPU.ActiveCfg = Debug|Any CPU
		{309CD5C8-BF5B-42A5-9AD0-56055490BF4F}.Debug|Any CPU.Build.0 = Debug|Any CPU
		{309CD5C8-BF5B-42A5-9AD0-56055490BF4F}.Debug|x64.ActiveCfg = Debug|Any CPU
		{309CD5C8-BF5B-42A5-9AD0-56055490BF4F}.Debug|x64.Build.0 = Debug|Any CPU
		{309CD5C8-BF5B-42A5-9AD0-56055490BF4F}.Debug|x86.ActiveCfg = Debug|Any CPU
		{309CD5C8-BF5B-42A5-9AD0-56055490BF4F}.Debug|x86.Build.0 = Debug|Any CPU
		{309CD5C8-BF5B-42A5-9AD0-56055490BF4F}.Release|Any CPU.ActiveCfg = Release|Any CPU
		{309CD5C8-BF5B-42A5-9AD0-56055490BF4F}.Release|Any CPU.Build.0 = Release|Any CPU
		{309CD5C8-BF5B-42A5-9AD0-56055490BF4F}.Release|x64.ActiveCfg = Release|Any CPU
		{309CD5C8-BF5B-42A5-9AD0-56055490BF4F}.Release|x64.Build.0 = Release|Any CPU
		{309CD5C8-BF5B-42A5-9AD0-56055490BF4F}.Release|x86.ActiveCfg = Release|Any CPU
		{309CD5C8-BF5B-42A5-9AD0-56055490BF4F}.Release|x86.Build.0 = Release|Any CPU
		{D8C257E1-71DA-41BD-967F-B9D35A851FC2}.Debug|Any CPU.ActiveCfg = Debug|Any CPU
		{D8C257E1-71DA-41BD-967F-B9D35A851FC2}.Debug|Any CPU.Build.0 = Debug|Any CPU
		{D8C257E1-71DA-41BD-967F-B9D35A851FC2}.Debug|x64.ActiveCfg = Debug|Any CPU
		{D8C257E1-71DA-41BD-967F-B9D35A851FC2}.Debug|x64.Build.0 = Debug|Any CPU
		{D8C257E1-71DA-41BD-967F-B9D35A851FC2}.Debug|x86.ActiveCfg = Debug|Any CPU
		{D8C257E1-71DA-41BD-967F-B9D35A851FC2}.Debug|x86.Build.0 = Debug|Any CPU
		{D8C257E1-71DA-41BD-967F-B9D35A851FC2}.Release|Any CPU.ActiveCfg = Release|Any CPU
		{D8C257E1-71DA-41BD-967F-B9D35A851FC2}.Release|Any CPU.Build.0 = Release|Any CPU
		{D8C257E1-71DA-41BD-967F-B9D35A851FC2}.Release|x64.ActiveCfg = Release|Any CPU
		{D8C257E1-71DA-41BD-967F-B9D35A851FC2}.Release|x64.Build.0 = Release|Any CPU
		{D8C257E1-71DA-41BD-967F-B9D35A851FC2}.Release|x86.ActiveCfg = Release|Any CPU
		{D8C257E1-71DA-41BD-967F-B9D35A851FC2}.Release|x86.Build.0 = Release|Any CPU
		{1F699DFA-81DC-4DFD-B123-ACBF91D1F26D}.Debug|Any CPU.ActiveCfg = Debug|Any CPU
		{1F699DFA-81DC-4DFD-B123-ACBF91D1F26D}.Debug|Any CPU.Build.0 = Debug|Any CPU
		{1F699DFA-81DC-4DFD-B123-ACBF91D1F26D}.Debug|x64.ActiveCfg = Debug|Any CPU
		{1F699DFA-81DC-4DFD-B123-ACBF91D1F26D}.Debug|x64.Build.0 = Debug|Any CPU
		{1F699DFA-81DC-4DFD-B123-ACBF91D1F26D}.Debug|x86.ActiveCfg = Debug|Any CPU
		{1F699DFA-81DC-4DFD-B123-ACBF91D1F26D}.Debug|x86.Build.0 = Debug|Any CPU
		{1F699DFA-81DC-4DFD-B123-ACBF91D1F26D}.Release|Any CPU.ActiveCfg = Release|Any CPU
		{1F699DFA-81DC-4DFD-B123-ACBF91D1F26D}.Release|Any CPU.Build.0 = Release|Any CPU
		{1F699DFA-81DC-4DFD-B123-ACBF91D1F26D}.Release|x64.ActiveCfg = Release|Any CPU
		{1F699DFA-81DC-4DFD-B123-ACBF91D1F26D}.Release|x64.Build.0 = Release|Any CPU
		{1F699DFA-81DC-4DFD-B123-ACBF91D1F26D}.Release|x86.ActiveCfg = Release|Any CPU
		{1F699DFA-81DC-4DFD-B123-ACBF91D1F26D}.Release|x86.Build.0 = Release|Any CPU
		{C4A2A801-205C-4D39-A1F5-74F847E0FE92}.Debug|Any CPU.ActiveCfg = Debug|Any CPU
		{C4A2A801-205C-4D39-A1F5-74F847E0FE92}.Debug|Any CPU.Build.0 = Debug|Any CPU
		{C4A2A801-205C-4D39-A1F5-74F847E0FE92}.Debug|x64.ActiveCfg = Debug|Any CPU
		{C4A2A801-205C-4D39-A1F5-74F847E0FE92}.Debug|x64.Build.0 = Debug|Any CPU
		{C4A2A801-205C-4D39-A1F5-74F847E0FE92}.Debug|x86.ActiveCfg = Debug|Any CPU
		{C4A2A801-205C-4D39-A1F5-74F847E0FE92}.Debug|x86.Build.0 = Debug|Any CPU
		{C4A2A801-205C-4D39-A1F5-74F847E0FE92}.Release|Any CPU.ActiveCfg = Release|Any CPU
		{C4A2A801-205C-4D39-A1F5-74F847E0FE92}.Release|Any CPU.Build.0 = Release|Any CPU
		{C4A2A801-205C-4D39-A1F5-74F847E0FE92}.Release|x64.ActiveCfg = Release|Any CPU
		{C4A2A801-205C-4D39-A1F5-74F847E0FE92}.Release|x64.Build.0 = Release|Any CPU
		{C4A2A801-205C-4D39-A1F5-74F847E0FE92}.Release|x86.ActiveCfg = Release|Any CPU
		{C4A2A801-205C-4D39-A1F5-74F847E0FE92}.Release|x86.Build.0 = Release|Any CPU
	EndGlobalSection
	GlobalSection(NestedProjects) = preSolution
		{D8C257E1-71DA-41BD-967F-B9D35A851FC2} = {224CCD08-FBF8-4C0A-A14F-120CCD6C0525}
		{1F699DFA-81DC-4DFD-B123-ACBF91D1F26D} = {224CCD08-FBF8-4C0A-A14F-120CCD6C0525}
		{C4A2A801-205C-4D39-A1F5-74F847E0FE92} = {224CCD08-FBF8-4C0A-A14F-120CCD6C0525}
	EndGlobalSection
EndGlobal
